
Microsoft Visual Studio Solution File, Format Version 12.00
# Visual Studio Version 16
VisualStudioVersion = 16.0.31515.178
MinimumVisualStudioVersion = 10.0.40219.1
Project("{FAE04EC0-301F-11D3-BF4B-00C04F79EFBC}") = "Projeto60_01", "Projeto60_01.csproj", "{ADFF0B9C-766B-4E0C-B26D-D024FC539505}"
EndProject
Global
	GlobalSection(SolutionConfigurationPlatforms) = preSolution
		Debug|Any CPU = Debug|Any CPU
		Release|Any CPU = Release|Any CPU
	EndGlobalSection
	GlobalSection(ProjectConfigurationPlatforms) = postSolution
		{ADFF0B9C-766B-4E0C-B26D-D024FC539505}.Debug|Any CPU.ActiveCfg = Debug|Any CPU
		{ADFF0B9C-766B-4E0C-B26D-D024FC539505}.Debug|Any CPU.Build.0 = Debug|Any CPU
		{ADFF0B9C-766B-4E0C-B26D-D024FC539505}.Release|Any CPU.ActiveCfg = Release|Any CPU
		{ADFF0B9C-766B-4E0C-B26D-D024FC539505}.Release|Any CPU.Build.0 = Release|Any CPU
	EndGlobalSection
	GlobalSection(SolutionProperties) = preSolution
		HideSolutionNode = FALSE
	EndGlobalSection
	GlobalSection(ExtensibilityGlobals) = postSolution
		SolutionGuid = {E6A4EDF0-AE60-4599-9D76-C39B49B17571}
	EndGlobalSection
EndGlobal
